
Microsoft Visual Studio Solution File, Format Version 12.00
# Visual Studio Version 17
VisualStudioVersion = 17.5.002.0
MinimumVisualStudioVersion = 10.0.40219.1
Project("{9A19103F-16F7-4668-BE54-9A1E7A4F7556}") = "kaszino", "kaszino.csproj", "{F4D6396E-9221-46D1-84B8-B932D92410EE}"
EndProject
Global
	GlobalSection(SolutionConfigurationPlatforms) = preSolution
		Debug|Any CPU = Debug|Any CPU
		Release|Any CPU = Release|Any CPU
	EndGlobalSection
	GlobalSection(ProjectConfigurationPlatforms) = postSolution
		{F4D6396E-9221-46D1-84B8-B932D92410EE}.Debug|Any CPU.ActiveCfg = Debug|Any CPU
		{F4D6396E-9221-46D1-84B8-B932D92410EE}.Debug|Any CPU.Build.0 = Debug|Any CPU
		{F4D6396E-9221-46D1-84B8-B932D92410EE}.Release|Any CPU.ActiveCfg = Release|Any CPU
		{F4D6396E-9221-46D1-84B8-B932D92410EE}.Release|Any CPU.Build.0 = Release|Any CPU
	EndGlobalSection
	GlobalSection(SolutionProperties) = preSolution
		HideSolutionNode = FALSE
	EndGlobalSection
	GlobalSection(ExtensibilityGlobals) = postSolution
		SolutionGuid = {3EF11C2F-ACE7-4BDF-8DB6-93325926A8E9}
	EndGlobalSection
EndGlobal
